
Microsoft Visual Studio Solution File, Format Version 12.00
# Visual Studio Version 17
VisualStudioVersion = 17.3.32708.82
MinimumVisualStudioVersion = 10.0.40219.1
Project("{9A19103F-16F7-4668-BE54-9A1E7A4F7556}") = "AKSoftware.Localization.MultiLanguages", "AKSoftware.Localization.MultiLanguages\AKSoftware.Localization.MultiLanguages.csproj", "{6F2BA297-C752-4552-97D4-4A69277E3DF2}"
EndProject
Project("{9A19103F-16F7-4668-BE54-9A1E7A4F7556}") = "AKSoftware.Localization.MultiLanguages.Tests", "AKSoftware.Localization.MultiLanguages.Tests\AKSoftware.Localization.MultiLanguages.Tests.csproj", "{4EF2B6C4-7F22-4C8E-B613-71E1AD4E006F}"
EndProject
Project("{9A19103F-16F7-4668-BE54-9A1E7A4F7556}") = "AKSoftware.Localization.MultiLanguages.Blazor", "AKSoftware.Localization.MultiLanguages.Blazor\AKSoftware.Localization.MultiLanguages.Blazor.csproj", "{2DA13890-437A-433B-9F4F-C0289696A08F}"
EndProject
Project("{2150E333-8FDC-42A3-9474-1A3956D46DE8}") = "Sample", "Sample", "{250EFD8C-4FB7-419C-8155-B81CFB193975}"
EndProject
Project("{9A19103F-16F7-4668-BE54-9A1E7A4F7556}") = "BlazorAKLocalization", "BlazorAKLocalization\BlazorAKLocalization.csproj", "{9828EF2F-F372-4773-9C7B-9CA452E85702}"
EndProject
Project("{FAE04EC0-301F-11D3-BF4B-00C04F79EFBC}") = "UwpAkLocalization", "UwpAkLocalization\UwpAkLocalization.csproj", "{ED0A54D2-D091-45ED-A7EC-DF852935FEA1}"
EndProject
Project("{FAE04EC0-301F-11D3-BF4B-00C04F79EFBC}") = "AKSoftware.Localization.MultiLanguages.UWP", "AKSoftware.Localization.MultiLanguages.UWP\AKSoftware.Localization.MultiLanguages.UWP.csproj", "{D2471408-2889-4AE4-9015-24CA4C948253}"
EndProject
Project("{2150E333-8FDC-42A3-9474-1A3956D46DE8}") = "Tests", "Tests", "{9736C60C-600E-4FC2-B871-53B84973FD5B}"
EndProject
Project("{FAE04EC0-301F-11D3-BF4B-00C04F79EFBC}") = "AKSoftware.Localization.MultiLanguages.UWP.Tests", "..\tests\AKSoftware.Localization.MultiLanguages.UWP.Tests\AKSoftware.Localization.MultiLanguages.UWP.Tests.csproj", "{7237C4C0-D02B-447A-939B-835175685D1B}"
EndProject
Project("{9A19103F-16F7-4668-BE54-9A1E7A4F7556}") = "BlazorServerLocalizationSample", "BlazorServerLocalizationSample\BlazorServerLocalizationSample.csproj", "{8EA5EEEA-B317-4A54-8ACC-6CE0968E13EB}"
EndProject
Project("{2150E333-8FDC-42A3-9474-1A3956D46DE8}") = "Benchmarks", "Benchmarks", "{5270185F-FF5C-49EE-AAE3-11BAF2388341}"
EndProject
Project("{9A19103F-16F7-4668-BE54-9A1E7A4F7556}") = "AKSoftware.Localization.MultiLanguages.Benchmarks", "AKSoftware.Localization.MultiLanguages.Benchmarks\AKSoftware.Localization.MultiLanguages.Benchmarks.csproj", "{F5614460-91AC-4F56-A431-C3916066E045}"
EndProject
Project("{9A19103F-16F7-4668-BE54-9A1E7A4F7556}") = "ConsoleAppSample", "ConsoleAppSample\ConsoleAppSample.csproj", "{FDD40575-C8FA-4C55-B157-C15045E1CC59}"
EndProject
Project("{9A19103F-16F7-4668-BE54-9A1E7A4F7556}") = "AKSoftware.Localization.MultiLanguages.SourceGenerator", "AKSoftware.Localization.MultiLanguages.SourceGenerator\AKSoftware.Localization.MultiLanguages.SourceGenerator.csproj", "{25C3DB84-D2B0-457F-89AC-C037D300ACD3}"
EndProject
Global
	GlobalSection(SolutionConfigurationPlatforms) = preSolution
		Debug|Any CPU = Debug|Any CPU
		Debug|ARM = Debug|ARM
		Debug|ARM64 = Debug|ARM64
		Debug|x64 = Debug|x64
		Debug|x86 = Debug|x86
		Release|Any CPU = Release|Any CPU
		Release|ARM = Release|ARM
		Release|ARM64 = Release|ARM64
		Release|x64 = Release|x64
		Release|x86 = Release|x86
	EndGlobalSection
	GlobalSection(ProjectConfigurationPlatforms) = postSolution
		{6F2BA297-C752-4552-97D4-4A69277E3DF2}.Debug|Any CPU.ActiveCfg = Debug|Any CPU
		{6F2BA297-C752-4552-97D4-4A69277E3DF2}.Debug|Any CPU.Build.0 = Debug|Any CPU
		{6F2BA297-C752-4552-97D4-4A69277E3DF2}.Debug|ARM.ActiveCfg = Debug|Any CPU
		{6F2BA297-C752-4552-97D4-4A69277E3DF2}.Debug|ARM.Build.0 = Debug|Any CPU
		{6F2BA297-C752-4552-97D4-4A69277E3DF2}.Debug|ARM64.ActiveCfg = Debug|Any CPU
		{6F2BA297-C752-4552-97D4-4A69277E3DF2}.Debug|ARM64.Build.0 = Debug|Any CPU
		{6F2BA297-C752-4552-97D4-4A69277E3DF2}.Debug|x64.ActiveCfg = Debug|Any CPU
		{6F2BA297-C752-4552-97D4-4A69277E3DF2}.Debug|x64.Build.0 = Debug|Any CPU
		{6F2BA297-C752-4552-97D4-4A69277E3DF2}.Debug|x86.ActiveCfg = Debug|Any CPU
		{6F2BA297-C752-4552-97D4-4A69277E3DF2}.Debug|x86.Build.0 = Debug|Any CPU
		{6F2BA297-C752-4552-97D4-4A69277E3DF2}.Release|Any CPU.ActiveCfg = Release|Any CPU
		{6F2BA297-C752-4552-97D4-4A69277E3DF2}.Release|Any CPU.Build.0 = Release|Any CPU
		{6F2BA297-C752-4552-97D4-4A69277E3DF2}.Release|ARM.ActiveCfg = Release|Any CPU
		{6F2BA297-C752-4552-97D4-4A69277E3DF2}.Release|ARM.Build.0 = Release|Any CPU
		{6F2BA297-C752-4552-97D4-4A69277E3DF2}.Release|ARM64.ActiveCfg = Release|Any CPU
		{6F2BA297-C752-4552-97D4-4A69277E3DF2}.Release|ARM64.Build.0 = Release|Any CPU
		{6F2BA297-C752-4552-97D4-4A69277E3DF2}.Release|x64.ActiveCfg = Release|Any CPU
		{6F2BA297-C752-4552-97D4-4A69277E3DF2}.Release|x64.Build.0 = Release|Any CPU
		{6F2BA297-C752-4552-97D4-4A69277E3DF2}.Release|x86.ActiveCfg = Release|Any CPU
		{6F2BA297-C752-4552-97D4-4A69277E3DF2}.Release|x86.Build.0 = Release|Any CPU
		{4EF2B6C4-7F22-4C8E-B613-71E1AD4E006F}.Debug|Any CPU.ActiveCfg = Debug|Any CPU
		{4EF2B6C4-7F22-4C8E-B613-71E1AD4E006F}.Debug|Any CPU.Build.0 = Debug|Any CPU
		{4EF2B6C4-7F22-4C8E-B613-71E1AD4E006F}.Debug|ARM.ActiveCfg = Debug|Any CPU
		{4EF2B6C4-7F22-4C8E-B613-71E1AD4E006F}.Debug|ARM.Build.0 = Debug|Any CPU
		{4EF2B6C4-7F22-4C8E-B613-71E1AD4E006F}.Debug|ARM64.ActiveCfg = Debug|Any CPU
		{4EF2B6C4-7F22-4C8E-B613-71E1AD4E006F}.Debug|ARM64.Build.0 = Debug|Any CPU
		{4EF2B6C4-7F22-4C8E-B613-71E1AD4E006F}.Debug|x64.ActiveCfg = Debug|Any CPU
		{4EF2B6C4-7F22-4C8E-B613-71E1AD4E006F}.Debug|x64.Build.0 = Debug|Any CPU
		{4EF2B6C4-7F22-4C8E-B613-71E1AD4E006F}.Debug|x86.ActiveCfg = Debug|Any CPU
		{4EF2B6C4-7F22-4C8E-B613-71E1AD4E006F}.Debug|x86.Build.0 = Debug|Any CPU
		{4EF2B6C4-7F22-4C8E-B613-71E1AD4E006F}.Release|Any CPU.ActiveCfg = Release|Any CPU
		{4EF2B6C4-7F22-4C8E-B613-71E1AD4E006F}.Release|Any CPU.Build.0 = Release|Any CPU
		{4EF2B6C4-7F22-4C8E-B613-71E1AD4E006F}.Release|ARM.ActiveCfg = Release|Any CPU
		{4EF2B6C4-7F22-4C8E-B613-71E1AD4E006F}.Release|ARM.Build.0 = Release|Any CPU
		{4EF2B6C4-7F22-4C8E-B613-71E1AD4E006F}.Release|ARM64.ActiveCfg = Release|Any CPU
		{4EF2B6C4-7F22-4C8E-B613-71E1AD4E006F}.Release|ARM64.Build.0 = Release|Any CPU
		{4EF2B6C4-7F22-4C8E-B613-71E1AD4E006F}.Release|x64.ActiveCfg = Release|Any CPU
		{4EF2B6C4-7F22-4C8E-B613-71E1AD4E006F}.Release|x64.Build.0 = Release|Any CPU
		{4EF2B6C4-7F22-4C8E-B613-71E1AD4E006F}.Release|x86.ActiveCfg = Release|Any CPU
		{4EF2B6C4-7F22-4C8E-B613-71E1AD4E006F}.Release|x86.Build.0 = Release|Any CPU
		{2DA13890-437A-433B-9F4F-C0289696A08F}.Debug|Any CPU.ActiveCfg = Debug|Any CPU
		{2DA13890-437A-433B-9F4F-C0289696A08F}.Debug|Any CPU.Build.0 = Debug|Any CPU
		{2DA13890-437A-433B-9F4F-C0289696A08F}.Debug|ARM.ActiveCfg = Debug|Any CPU
		{2DA13890-437A-433B-9F4F-C0289696A08F}.Debug|ARM.Build.0 = Debug|Any CPU
		{2DA13890-437A-433B-9F4F-C0289696A08F}.Debug|ARM64.ActiveCfg = Debug|Any CPU
		{2DA13890-437A-433B-9F4F-C0289696A08F}.Debug|ARM64.Build.0 = Debug|Any CPU
		{2DA13890-437A-433B-9F4F-C0289696A08F}.Debug|x64.ActiveCfg = Debug|Any CPU
		{2DA13890-437A-433B-9F4F-C0289696A08F}.Debug|x64.Build.0 = Debug|Any CPU
		{2DA13890-437A-433B-9F4F-C0289696A08F}.Debug|x86.ActiveCfg = Debug|Any CPU
		{2DA13890-437A-433B-9F4F-C0289696A08F}.Debug|x86.Build.0 = Debug|Any CPU
		{2DA13890-437A-433B-9F4F-C0289696A08F}.Release|Any CPU.ActiveCfg = Release|Any CPU
		{2DA13890-437A-433B-9F4F-C0289696A08F}.Release|Any CPU.Build.0 = Release|Any CPU
		{2DA13890-437A-433B-9F4F-C0289696A08F}.Release|ARM.ActiveCfg = Release|Any CPU
		{2DA13890-437A-433B-9F4F-C0289696A08F}.Release|ARM.Build.0 = Release|Any CPU
		{2DA13890-437A-433B-9F4F-C0289696A08F}.Release|ARM64.ActiveCfg = Release|Any CPU
		{2DA13890-437A-433B-9F4F-C0289696A08F}.Release|ARM64.Build.0 = Release|Any CPU
		{2DA13890-437A-433B-9F4F-C0289696A08F}.Release|x64.ActiveCfg = Release|Any CPU
		{2DA13890-437A-433B-9F4F-C0289696A08F}.Release|x64.Build.0 = Release|Any CPU
		{2DA13890-437A-433B-9F4F-C0289696A08F}.Release|x86.ActiveCfg = Release|Any CPU
		{2DA13890-437A-433B-9F4F-C0289696A08F}.Release|x86.Build.0 = Release|Any CPU
		{9828EF2F-F372-4773-9C7B-9CA452E85702}.Debug|Any CPU.ActiveCfg = Debug|Any CPU
		{9828EF2F-F372-4773-9C7B-9CA452E85702}.Debug|Any CPU.Build.0 = Debug|Any CPU
		{9828EF2F-F372-4773-9C7B-9CA452E85702}.Debug|ARM.ActiveCfg = Debug|Any CPU
		{9828EF2F-F372-4773-9C7B-9CA452E85702}.Debug|ARM.Build.0 = Debug|Any CPU
		{9828EF2F-F372-4773-9C7B-9CA452E85702}.Debug|ARM64.ActiveCfg = Debug|Any CPU
		{9828EF2F-F372-4773-9C7B-9CA452E85702}.Debug|ARM64.Build.0 = Debug|Any CPU
		{9828EF2F-F372-4773-9C7B-9CA452E85702}.Debug|x64.ActiveCfg = Debug|Any CPU
		{9828EF2F-F372-4773-9C7B-9CA452E85702}.Debug|x64.Build.0 = Debug|Any CPU
		{9828EF2F-F372-4773-9C7B-9CA452E85702}.Debug|x86.ActiveCfg = Debug|Any CPU
		{9828EF2F-F372-4773-9C7B-9CA452E85702}.Debug|x86.Build.0 = Debug|Any CPU
		{9828EF2F-F372-4773-9C7B-9CA452E85702}.Release|Any CPU.ActiveCfg = Release|Any CPU
		{9828EF2F-F372-4773-9C7B-9CA452E85702}.Release|Any CPU.Build.0 = Release|Any CPU
		{9828EF2F-F372-4773-9C7B-9CA452E85702}.Release|ARM.ActiveCfg = Release|Any CPU
		{9828EF2F-F372-4773-9C7B-9CA452E85702}.Release|ARM.Build.0 = Release|Any CPU
		{9828EF2F-F372-4773-9C7B-9CA452E85702}.Release|ARM64.ActiveCfg = Release|Any CPU
		{9828EF2F-F372-4773-9C7B-9CA452E85702}.Release|ARM64.Build.0 = Release|Any CPU
		{9828EF2F-F372-4773-9C7B-9CA452E85702}.Release|x64.ActiveCfg = Release|Any CPU
		{9828EF2F-F372-4773-9C7B-9CA452E85702}.Release|x64.Build.0 = Release|Any CPU
		{9828EF2F-F372-4773-9C7B-9CA452E85702}.Release|x86.ActiveCfg = Release|Any CPU
		{9828EF2F-F372-4773-9C7B-9CA452E85702}.Release|x86.Build.0 = Release|Any CPU
		{ED0A54D2-D091-45ED-A7EC-DF852935FEA1}.Debug|Any CPU.ActiveCfg = Debug|x86
		{ED0A54D2-D091-45ED-A7EC-DF852935FEA1}.Debug|ARM.ActiveCfg = Debug|ARM
		{ED0A54D2-D091-45ED-A7EC-DF852935FEA1}.Debug|ARM.Build.0 = Debug|ARM
		{ED0A54D2-D091-45ED-A7EC-DF852935FEA1}.Debug|ARM.Deploy.0 = Debug|ARM
		{ED0A54D2-D091-45ED-A7EC-DF852935FEA1}.Debug|ARM64.ActiveCfg = Debug|ARM64
		{ED0A54D2-D091-45ED-A7EC-DF852935FEA1}.Debug|ARM64.Build.0 = Debug|ARM64
		{ED0A54D2-D091-45ED-A7EC-DF852935FEA1}.Debug|ARM64.Deploy.0 = Debug|ARM64
		{ED0A54D2-D091-45ED-A7EC-DF852935FEA1}.Debug|x64.ActiveCfg = Debug|x64
		{ED0A54D2-D091-45ED-A7EC-DF852935FEA1}.Debug|x64.Build.0 = Debug|x64
		{ED0A54D2-D091-45ED-A7EC-DF852935FEA1}.Debug|x64.Deploy.0 = Debug|x64
		{ED0A54D2-D091-45ED-A7EC-DF852935FEA1}.Debug|x86.ActiveCfg = Debug|x86
		{ED0A54D2-D091-45ED-A7EC-DF852935FEA1}.Debug|x86.Build.0 = Debug|x86
		{ED0A54D2-D091-45ED-A7EC-DF852935FEA1}.Debug|x86.Deploy.0 = Debug|x86
		{ED0A54D2-D091-45ED-A7EC-DF852935FEA1}.Release|Any CPU.ActiveCfg = Release|x86
		{ED0A54D2-D091-45ED-A7EC-DF852935FEA1}.Release|ARM.ActiveCfg = Release|ARM
		{ED0A54D2-D091-45ED-A7EC-DF852935FEA1}.Release|ARM.Build.0 = Release|ARM
		{ED0A54D2-D091-45ED-A7EC-DF852935FEA1}.Release|ARM.Deploy.0 = Release|ARM
		{ED0A54D2-D091-45ED-A7EC-DF852935FEA1}.Release|ARM64.ActiveCfg = Release|ARM64
		{ED0A54D2-D091-45ED-A7EC-DF852935FEA1}.Release|ARM64.Build.0 = Release|ARM64
		{ED0A54D2-D091-45ED-A7EC-DF852935FEA1}.Release|ARM64.Deploy.0 = Release|ARM64
		{ED0A54D2-D091-45ED-A7EC-DF852935FEA1}.Release|x64.ActiveCfg = Release|x64
		{ED0A54D2-D091-45ED-A7EC-DF852935FEA1}.Release|x64.Build.0 = Release|x64
		{ED0A54D2-D091-45ED-A7EC-DF852935FEA1}.Release|x64.Deploy.0 = Release|x64
		{ED0A54D2-D091-45ED-A7EC-DF852935FEA1}.Release|x86.ActiveCfg = Release|x86
		{ED0A54D2-D091-45ED-A7EC-DF852935FEA1}.Release|x86.Build.0 = Release|x86
		{ED0A54D2-D091-45ED-A7EC-DF852935FEA1}.Release|x86.Deploy.0 = Release|x86
		{D2471408-2889-4AE4-9015-24CA4C948253}.Debug|Any CPU.ActiveCfg = Debug|Any CPU
		{D2471408-2889-4AE4-9015-24CA4C948253}.Debug|Any CPU.Build.0 = Debug|Any CPU
		{D2471408-2889-4AE4-9015-24CA4C948253}.Debug|ARM.ActiveCfg = Debug|ARM
		{D2471408-2889-4AE4-9015-24CA4C948253}.Debug|ARM.Build.0 = Debug|ARM
		{D2471408-2889-4AE4-9015-24CA4C948253}.Debug|ARM64.ActiveCfg = Debug|ARM64
		{D2471408-2889-4AE4-9015-24CA4C948253}.Debug|ARM64.Build.0 = Debug|ARM64
		{D2471408-2889-4AE4-9015-24CA4C948253}.Debug|x64.ActiveCfg = Debug|x64
		{D2471408-2889-4AE4-9015-24CA4C948253}.Debug|x64.Build.0 = Debug|x64
		{D2471408-2889-4AE4-9015-24CA4C948253}.Debug|x86.ActiveCfg = Debug|x86
		{D2471408-2889-4AE4-9015-24CA4C948253}.Debug|x86.Build.0 = Debug|x86
		{D2471408-2889-4AE4-9015-24CA4C948253}.Release|Any CPU.ActiveCfg = Release|Any CPU
		{D2471408-2889-4AE4-9015-24CA4C948253}.Release|Any CPU.Build.0 = Release|Any CPU
		{D2471408-2889-4AE4-9015-24CA4C948253}.Release|ARM.ActiveCfg = Release|ARM
		{D2471408-2889-4AE4-9015-24CA4C948253}.Release|ARM.Build.0 = Release|ARM
		{D2471408-2889-4AE4-9015-24CA4C948253}.Release|ARM64.ActiveCfg = Release|ARM64
		{D2471408-2889-4AE4-9015-24CA4C948253}.Release|ARM64.Build.0 = Release|ARM64
		{D2471408-2889-4AE4-9015-24CA4C948253}.Release|x64.ActiveCfg = Release|x64
		{D2471408-2889-4AE4-9015-24CA4C948253}.Release|x64.Build.0 = Release|x64
		{D2471408-2889-4AE4-9015-24CA4C948253}.Release|x86.ActiveCfg = Release|x86
		{D2471408-2889-4AE4-9015-24CA4C948253}.Release|x86.Build.0 = Release|x86
		{7237C4C0-D02B-447A-939B-835175685D1B}.Debug|Any CPU.ActiveCfg = Debug|x86
		{7237C4C0-D02B-447A-939B-835175685D1B}.Debug|ARM.ActiveCfg = Debug|ARM
		{7237C4C0-D02B-447A-939B-835175685D1B}.Debug|ARM.Build.0 = Debug|ARM
		{7237C4C0-D02B-447A-939B-835175685D1B}.Debug|ARM.Deploy.0 = Debug|ARM
		{7237C4C0-D02B-447A-939B-835175685D1B}.Debug|ARM64.ActiveCfg = Debug|ARM64
		{7237C4C0-D02B-447A-939B-835175685D1B}.Debug|ARM64.Build.0 = Debug|ARM64
		{7237C4C0-D02B-447A-939B-835175685D1B}.Debug|ARM64.Deploy.0 = Debug|ARM64
		{7237C4C0-D02B-447A-939B-835175685D1B}.Debug|x64.ActiveCfg = Debug|x64
		{7237C4C0-D02B-447A-939B-835175685D1B}.Debug|x64.Build.0 = Debug|x64
		{7237C4C0-D02B-447A-939B-835175685D1B}.Debug|x64.Deploy.0 = Debug|x64
		{7237C4C0-D02B-447A-939B-835175685D1B}.Debug|x86.ActiveCfg = Debug|x86
		{7237C4C0-D02B-447A-939B-835175685D1B}.Debug|x86.Build.0 = Debug|x86
		{7237C4C0-D02B-447A-939B-835175685D1B}.Debug|x86.Deploy.0 = Debug|x86
		{7237C4C0-D02B-447A-939B-835175685D1B}.Release|Any CPU.ActiveCfg = Release|x86
		{7237C4C0-D02B-447A-939B-835175685D1B}.Release|ARM.ActiveCfg = Release|ARM
		{7237C4C0-D02B-447A-939B-835175685D1B}.Release|ARM.Build.0 = Release|ARM
		{7237C4C0-D02B-447A-939B-835175685D1B}.Release|ARM.Deploy.0 = Release|ARM
		{7237C4C0-D02B-447A-939B-835175685D1B}.Release|ARM64.ActiveCfg = Release|ARM64
		{7237C4C0-D02B-447A-939B-835175685D1B}.Release|ARM64.Build.0 = Release|ARM64
		{7237C4C0-D02B-447A-939B-835175685D1B}.Release|ARM64.Deploy.0 = Release|ARM64
		{7237C4C0-D02B-447A-939B-835175685D1B}.Release|x64.ActiveCfg = Release|x64
		{7237C4C0-D02B-447A-939B-835175685D1B}.Release|x64.Build.0 = Release|x64
		{7237C4C0-D02B-447A-939B-835175685D1B}.Release|x64.Deploy.0 = Release|x64
		{7237C4C0-D02B-447A-939B-835175685D1B}.Release|x86.ActiveCfg = Release|x86
		{7237C4C0-D02B-447A-939B-835175685D1B}.Release|x86.Build.0 = Release|x86
		{7237C4C0-D02B-447A-939B-835175685D1B}.Release|x86.Deploy.0 = Release|x86
		{8EA5EEEA-B317-4A54-8ACC-6CE0968E13EB}.Debug|Any CPU.ActiveCfg = Debug|Any CPU
		{8EA5EEEA-B317-4A54-8ACC-6CE0968E13EB}.Debug|Any CPU.Build.0 = Debug|Any CPU
		{8EA5EEEA-B317-4A54-8ACC-6CE0968E13EB}.Debug|ARM.ActiveCfg = Debug|Any CPU
		{8EA5EEEA-B317-4A54-8ACC-6CE0968E13EB}.Debug|ARM.Build.0 = Debug|Any CPU
		{8EA5EEEA-B317-4A54-8ACC-6CE0968E13EB}.Debug|ARM64.ActiveCfg = Debug|Any CPU
		{8EA5EEEA-B317-4A54-8ACC-6CE0968E13EB}.Debug|ARM64.Build.0 = Debug|Any CPU
		{8EA5EEEA-B317-4A54-8ACC-6CE0968E13EB}.Debug|x64.ActiveCfg = Debug|Any CPU
		{8EA5EEEA-B317-4A54-8ACC-6CE0968E13EB}.Debug|x64.Build.0 = Debug|Any CPU
		{8EA5EEEA-B317-4A54-8ACC-6CE0968E13EB}.Debug|x86.ActiveCfg = Debug|Any CPU
		{8EA5EEEA-B317-4A54-8ACC-6CE0968E13EB}.Debug|x86.Build.0 = Debug|Any CPU
		{8EA5EEEA-B317-4A54-8ACC-6CE0968E13EB}.Release|Any CPU.ActiveCfg = Release|Any CPU
		{8EA5EEEA-B317-4A54-8ACC-6CE0968E13EB}.Release|Any CPU.Build.0 = Release|Any CPU
		{8EA5EEEA-B317-4A54-8ACC-6CE0968E13EB}.Release|ARM.ActiveCfg = Release|Any CPU
		{8EA5EEEA-B317-4A54-8ACC-6CE0968E13EB}.Release|ARM.Build.0 = Release|Any CPU
		{8EA5EEEA-B317-4A54-8ACC-6CE0968E13EB}.Release|ARM64.ActiveCfg = Release|Any CPU
		{8EA5EEEA-B317-4A54-8ACC-6CE0968E13EB}.Release|ARM64.Build.0 = Release|Any CPU
		{8EA5EEEA-B317-4A54-8ACC-6CE0968E13EB}.Release|x64.ActiveCfg = Release|Any CPU
		{8EA5EEEA-B317-4A54-8ACC-6CE0968E13EB}.Release|x64.Build.0 = Release|Any CPU
		{8EA5EEEA-B317-4A54-8ACC-6CE0968E13EB}.Release|x86.ActiveCfg = Release|Any CPU
		{8EA5EEEA-B317-4A54-8ACC-6CE0968E13EB}.Release|x86.Build.0 = Release|Any CPU
		{F5614460-91AC-4F56-A431-C3916066E045}.Debug|Any CPU.ActiveCfg = Debug|Any CPU
		{F5614460-91AC-4F56-A431-C3916066E045}.Debug|Any CPU.Build.0 = Debug|Any CPU
		{F5614460-91AC-4F56-A431-C3916066E045}.Debug|ARM.ActiveCfg = Debug|Any CPU
		{F5614460-91AC-4F56-A431-C3916066E045}.Debug|ARM.Build.0 = Debug|Any CPU
		{F5614460-91AC-4F56-A431-C3916066E045}.Debug|ARM64.ActiveCfg = Debug|Any CPU
		{F5614460-91AC-4F56-A431-C3916066E045}.Debug|ARM64.Build.0 = Debug|Any CPU
		{F5614460-91AC-4F56-A431-C3916066E045}.Debug|x64.ActiveCfg = Debug|Any CPU
		{F5614460-91AC-4F56-A431-C3916066E045}.Debug|x64.Build.0 = Debug|Any CPU
		{F5614460-91AC-4F56-A431-C3916066E045}.Debug|x86.ActiveCfg = Debug|Any CPU
		{F5614460-91AC-4F56-A431-C3916066E045}.Debug|x86.Build.0 = Debug|Any CPU
		{F5614460-91AC-4F56-A431-C3916066E045}.Release|Any CPU.ActiveCfg = Release|Any CPU
		{F5614460-91AC-4F56-A431-C3916066E045}.Release|Any CPU.Build.0 = Release|Any CPU
		{F5614460-91AC-4F56-A431-C3916066E045}.Release|ARM.ActiveCfg = Release|Any CPU
		{F5614460-91AC-4F56-A431-C3916066E045}.Release|ARM.Build.0 = Release|Any CPU
		{F5614460-91AC-4F56-A431-C3916066E045}.Release|ARM64.ActiveCfg = Release|Any CPU
		{F5614460-91AC-4F56-A431-C3916066E045}.Release|ARM64.Build.0 = Release|Any CPU
		{F5614460-91AC-4F56-A431-C3916066E045}.Release|x64.ActiveCfg = Release|Any CPU
		{F5614460-91AC-4F56-A431-C3916066E045}.Release|x64.Build.0 = Release|Any CPU
		{F5614460-91AC-4F56-A431-C3916066E045}.Release|x86.ActiveCfg = Release|Any CPU
		{F5614460-91AC-4F56-A431-C3916066E045}.Release|x86.Build.0 = Release|Any CPU
		{FDD40575-C8FA-4C55-B157-C15045E1CC59}.Debug|Any CPU.ActiveCfg = Debug|Any CPU
		{FDD40575-C8FA-4C55-B157-C15045E1CC59}.Debug|Any CPU.Build.0 = Debug|Any CPU
		{FDD40575-C8FA-4C55-B157-C15045E1CC59}.Debug|ARM.ActiveCfg = Debug|Any CPU
		{FDD40575-C8FA-4C55-B157-C15045E1CC59}.Debug|ARM.Build.0 = Debug|Any CPU
		{FDD40575-C8FA-4C55-B157-C15045E1CC59}.Debug|ARM64.ActiveCfg = Debug|Any CPU
		{FDD40575-C8FA-4C55-B157-C15045E1CC59}.Debug|ARM64.Build.0 = Debug|Any CPU
		{FDD40575-C8FA-4C55-B157-C15045E1CC59}.Debug|x64.ActiveCfg = Debug|Any CPU
		{FDD40575-C8FA-4C55-B157-C15045E1CC59}.Debug|x64.Build.0 = Debug|Any CPU
		{FDD40575-C8FA-4C55-B157-C15045E1CC59}.Debug|x86.ActiveCfg = Debug|Any CPU
		{FDD40575-C8FA-4C55-B157-C15045E1CC59}.Debug|x86.Build.0 = Debug|Any CPU
		{FDD40575-C8FA-4C55-B157-C15045E1CC59}.Release|Any CPU.ActiveCfg = Release|Any CPU
		{FDD40575-C8FA-4C55-B157-C15045E1CC59}.Release|Any CPU.Build.0 = Release|Any CPU
		{FDD40575-C8FA-4C55-B157-C15045E1CC59}.Release|ARM.ActiveCfg = Release|Any CPU
		{FDD40575-C8FA-4C55-B157-C15045E1CC59}.Release|ARM.Build.0 = Release|Any CPU
		{FDD40575-C8FA-4C55-B157-C15045E1CC59}.Release|ARM64.ActiveCfg = Release|Any CPU
		{FDD40575-C8FA-4C55-B157-C15045E1CC59}.Release|ARM64.Build.0 = Release|Any CPU
		{FDD40575-C8FA-4C55-B157-C15045E1CC59}.Release|x64.ActiveCfg = Release|Any CPU
		{FDD40575-C8FA-4C55-B157-C15045E1CC59}.Release|x64.Build.0 = Release|Any CPU
		{FDD40575-C8FA-4C55-B157-C15045E1CC59}.Release|x86.ActiveCfg = Release|Any CPU
		{FDD40575-C8FA-4C55-B157-C15045E1CC59}.Release|x86.Build.0 = Release|Any CPU
		{25C3DB84-D2B0-457F-89AC-C037D300ACD3}.Debug|Any CPU.ActiveCfg = Debug|Any CPU
		{25C3DB84-D2B0-457F-89AC-C037D300ACD3}.Debug|Any CPU.Build.0 = Debug|Any CPU
		{25C3DB84-D2B0-457F-89AC-C037D300ACD3}.Debug|ARM.ActiveCfg = Debug|Any CPU
		{25C3DB84-D2B0-457F-89AC-C037D300ACD3}.Debug|ARM.Build.0 = Debug|Any CPU
		{25C3DB84-D2B0-457F-89AC-C037D300ACD3}.Debug|ARM64.ActiveCfg = Debug|Any CPU
		{25C3DB84-D2B0-457F-89AC-C037D300ACD3}.Debug|ARM64.Build.0 = Debug|Any CPU
		{25C3DB84-D2B0-457F-89AC-C037D300ACD3}.Debug|x64.ActiveCfg = Debug|Any CPU
		{25C3DB84-D2B0-457F-89AC-C037D300ACD3}.Debug|x64.Build.0 = Debug|Any CPU
		{25C3DB84-D2B0-457F-89AC-C037D300ACD3}.Debug|x86.ActiveCfg = Debug|Any CPU
		{25C3DB84-D2B0-457F-89AC-C037D300ACD3}.Debug|x86.Build.0 = Debug|Any CPU
		{25C3DB84-D2B0-457F-89AC-C037D300ACD3}.Release|Any CPU.ActiveCfg = Release|Any CPU
		{25C3DB84-D2B0-457F-89AC-C037D300ACD3}.Release|Any CPU.Build.0 = Release|Any CPU
		{25C3DB84-D2B0-457F-89AC-C037D300ACD3}.Release|ARM.ActiveCfg = Release|Any CPU
		{25C3DB84-D2B0-457F-89AC-C037D300ACD3}.Release|ARM.Build.0 = Release|Any CPU
		{25C3DB84-D2B0-457F-89AC-C037D300ACD3}.Release|ARM64.ActiveCfg = Release|Any CPU
		{25C3DB84-D2B0-457F-89AC-C037D300ACD3}.Release|ARM64.Build.0 = Release|Any CPU
		{25C3DB84-D2B0-457F-89AC-C037D300ACD3}.Release|x64.ActiveCfg = Release|Any CPU
		{25C3DB84-D2B0-457F-89AC-C037D300ACD3}.Release|x64.Build.0 = Release|Any CPU
		{25C3DB84-D2B0-457F-89AC-C037D300ACD3}.Release|x86.ActiveCfg = Release|Any CPU
		{25C3DB84-D2B0-457F-89AC-C037D300ACD3}.Release|x86.Build.0 = Release|Any CPU
	EndGlobalSection
	GlobalSection(SolutionProperties) = preSolution
		HideSolutionNode = FALSE
	EndGlobalSection
	GlobalSection(NestedProjects) = preSolution
		{4EF2B6C4-7F22-4C8E-B613-71E1AD4E006F} = {9736C60C-600E-4FC2-B871-53B84973FD5B}
		{9828EF2F-F372-4773-9C7B-9CA452E85702} = {250EFD8C-4FB7-419C-8155-B81CFB193975}
		{ED0A54D2-D091-45ED-A7EC-DF852935FEA1} = {250EFD8C-4FB7-419C-8155-B81CFB193975}
		{7237C4C0-D02B-447A-939B-835175685D1B} = {9736C60C-600E-4FC2-B871-53B84973FD5B}
		{8EA5EEEA-B317-4A54-8ACC-6CE0968E13EB} = {250EFD8C-4FB7-419C-8155-B81CFB193975}
		{F5614460-91AC-4F56-A431-C3916066E045} = {5270185F-FF5C-49EE-AAE3-11BAF2388341}
		{FDD40575-C8FA-4C55-B157-C15045E1CC59} = {250EFD8C-4FB7-419C-8155-B81CFB193975}
	EndGlobalSection
	GlobalSection(ExtensibilityGlobals) = postSolution
		SolutionGuid = {C0B8EEB9-C64F-4B59-8C57-872A2D48659E}
	EndGlobalSection
EndGlobal
