
Microsoft Visual Studio Solution File, Format Version 12.00
# Visual Studio Version 16
VisualStudioVersion = 16.0.29709.97
MinimumVisualStudioVersion = 10.0.40219.1
Project("{FAE04EC0-301F-11D3-BF4B-00C04F79EFBC}") = "BlazorWasmMultiLanguages", "BlazorWasmMultiLanguages\BlazorWasmMultiLanguages.csproj", "{933F799A-62E7-4EA0-A50C-18BF4A866F0F}"
EndProject
Global
	GlobalSection(SolutionConfigurationPlatforms) = preSolution
		Debug|Any CPU = Debug|Any CPU
		Release|Any CPU = Release|Any CPU
	EndGlobalSection
	GlobalSection(ProjectConfigurationPlatforms) = postSolution
		{933F799A-62E7-4EA0-A50C-18BF4A866F0F}.Debug|Any CPU.ActiveCfg = Debug|Any CPU
		{933F799A-62E7-4EA0-A50C-18BF4A866F0F}.Debug|Any CPU.Build.0 = Debug|Any CPU
		{933F799A-62E7-4EA0-A50C-18BF4A866F0F}.Release|Any CPU.ActiveCfg = Release|Any CPU
		{933F799A-62E7-4EA0-A50C-18BF4A866F0F}.Release|Any CPU.Build.0 = Release|Any CPU
	EndGlobalSection
	GlobalSection(SolutionProperties) = preSolution
		HideSolutionNode = FALSE
	EndGlobalSection
	GlobalSection(ExtensibilityGlobals) = postSolution
		SolutionGuid = {EACBFD8F-28ED-4586-A02A-7A695D9D4EEB}
	EndGlobalSection
EndGlobal
